
Microsoft Visual Studio Solution File, Format Version 12.00
# Visual Studio Version 17
VisualStudioVersion = 17.10.34916.146
MinimumVisualStudioVersion = 10.0.40219.1
Project("{FAE04EC0-301F-11D3-BF4B-00C04F79EFBC}") = "WebApplication2", "WebApplication2\WebApplication2.csproj", "{DA03DA7F-DEBB-4D5B-932D-2F6624BCB577}"
EndProject
Global
	GlobalSection(SolutionConfigurationPlatforms) = preSolution
		Debug|Any CPU = Debug|Any CPU
		Release|Any CPU = Release|Any CPU
	EndGlobalSection
	GlobalSection(ProjectConfigurationPlatforms) = postSolution
		{DA03DA7F-DEBB-4D5B-932D-2F6624BCB577}.Debug|Any CPU.ActiveCfg = Debug|Any CPU
		{DA03DA7F-DEBB-4D5B-932D-2F6624BCB577}.Debug|Any CPU.Build.0 = Debug|Any CPU
		{DA03DA7F-DEBB-4D5B-932D-2F6624BCB577}.Release|Any CPU.ActiveCfg = Release|Any CPU
		{DA03DA7F-DEBB-4D5B-932D-2F6624BCB577}.Release|Any CPU.Build.0 = Release|Any CPU
	EndGlobalSection
	GlobalSection(SolutionProperties) = preSolution
		HideSolutionNode = FALSE
	EndGlobalSection
	GlobalSection(ExtensibilityGlobals) = postSolution
		SolutionGuid = {5D5955D4-C7A9-43CA-9B49-C506ECA5172D}
	EndGlobalSection
EndGlobal
